
Microsoft Visual Studio Solution File, Format Version 12.00
# Visual Studio Version 16
VisualStudioVersion = 16.0.30907.101
MinimumVisualStudioVersion = 10.0.40219.1
Project("{FAE04EC0-301F-11D3-BF4B-00C04F79EFBC}") = "Csharp_2021_5.9_Vererbung", "Csharp_2021_5.9_Vererbung\Csharp_2021_5.9_Vererbung.csproj", "{7FBA0A5B-C7F1-47D2-B088-F084B850C9CD}"
EndProject
Global
	GlobalSection(SolutionConfigurationPlatforms) = preSolution
		Debug|Any CPU = Debug|Any CPU
		Release|Any CPU = Release|Any CPU
	EndGlobalSection
	GlobalSection(ProjectConfigurationPlatforms) = postSolution
		{7FBA0A5B-C7F1-47D2-B088-F084B850C9CD}.Debug|Any CPU.ActiveCfg = Debug|Any CPU
		{7FBA0A5B-C7F1-47D2-B088-F084B850C9CD}.Debug|Any CPU.Build.0 = Debug|Any CPU
		{7FBA0A5B-C7F1-47D2-B088-F084B850C9CD}.Release|Any CPU.ActiveCfg = Release|Any CPU
		{7FBA0A5B-C7F1-47D2-B088-F084B850C9CD}.Release|Any CPU.Build.0 = Release|Any CPU
	EndGlobalSection
	GlobalSection(SolutionProperties) = preSolution
		HideSolutionNode = FALSE
	EndGlobalSection
	GlobalSection(ExtensibilityGlobals) = postSolution
		SolutionGuid = {2FD13E2C-D3D9-4344-8AF5-07F43F9F2685}
	EndGlobalSection
EndGlobal
